
Microsoft Visual Studio Solution File, Format Version 12.00
# Visual Studio Version 17
VisualStudioVersion = 17.2.32630.192
MinimumVisualStudioVersion = 10.0.40219.1
Project("{FAE04EC0-301F-11D3-BF4B-00C04F79EFBC}") = "test-automationtest", "test-automationtest\test-automationtest.csproj", "{325B87C5-CEBA-4C1F-843B-B6CDF74B714E}"
EndProject
Global
	GlobalSection(SolutionConfigurationPlatforms) = preSolution
		Debug|Any CPU = Debug|Any CPU
		Release|Any CPU = Release|Any CPU
	EndGlobalSection
	GlobalSection(ProjectConfigurationPlatforms) = postSolution
		{325B87C5-CEBA-4C1F-843B-B6CDF74B714E}.Debug|Any CPU.ActiveCfg = Debug|Any CPU
		{325B87C5-CEBA-4C1F-843B-B6CDF74B714E}.Debug|Any CPU.Build.0 = Debug|Any CPU
		{325B87C5-CEBA-4C1F-843B-B6CDF74B714E}.Release|Any CPU.ActiveCfg = Release|Any CPU
		{325B87C5-CEBA-4C1F-843B-B6CDF74B714E}.Release|Any CPU.Build.0 = Release|Any CPU
	EndGlobalSection
	GlobalSection(SolutionProperties) = preSolution
		HideSolutionNode = FALSE
	EndGlobalSection
	GlobalSection(ExtensibilityGlobals) = postSolution
		SolutionGuid = {925EBB96-F76F-4EB3-BFD5-ECB43CC0F442}
	EndGlobalSection
EndGlobal
